// !$*UTF8*$!
{
	archiveVersion = 1;
	classes = {
	};
	objectVersion = 56;
	objects = {

/* Begin PBXBuildFile section */
		2EC1B1E92930E3100026780B /* FocusTimerApp.swift in Sources */ = {isa = PBXBuildFile; fileRef = 2EC1B1E82930E3100026780B /* FocusTimerApp.swift */; };
		2EC1B1EB2930E3100026780B /* Persistence.swift in Sources */ = {isa = PBXBuildFile; fileRef = 2EC1B1EA2930E3100026780B /* Persistence.swift */; };
		2EC1B1EE2930E3100026780B /* FocusTimer.xcdatamodeld in Sources */ = {isa = PBXBuildFile; fileRef = 2EC1B1EC2930E3100026780B /* FocusTimer.xcdatamodeld */; };
		2EC1B1F02930E3100026780B /* ContentView.swift in Sources */ = {isa = PBXBuildFile; fileRef = 2EC1B1EF2930E3100026780B /* ContentView.swift */; };
		2EC1B1F22930E3100026780B /* Assets.xcassets in Resources */ = {isa = PBXBuildFile; fileRef = 2EC1B1F12930E3100026780B /* Assets.xcassets */; };
		2EC1B1F62930E3100026780B /* Preview Assets.xcassets in Resources */ = {isa = PBXBuildFile; fileRef = 2EC1B1F52930E3100026780B /* Preview Assets.xcassets */; };
		2EC1B2002930E3110026780B /* FocusTimerTests.swift in Sources */ = {isa = PBXBuildFile; fileRef = 2EC1B1FF2930E3110026780B /* FocusTimerTests.swift */; };
		2EC1B20A2930E3110026780B /* FocusTimerUITests.swift in Sources */ = {isa = PBXBuildFile; fileRef = 2EC1B2092930E3110026780B /* FocusTimerUITests.swift */; };
		2EC1B20C2930E3110026780B /* FocusTimerUITestsLaunchTests.swift in Sources */ = {isa = PBXBuildFile; fileRef = 2EC1B20B2930E3110026780B /* FocusTimerUITestsLaunchTests.swift */; };
/* End PBXBuildFile section */

/* Begin PBXContainerItemProxy section */
		2EC1B1FC2930E3110026780B /* PBXContainerItemProxy */ = {
			isa = PBXContainerItemProxy;
			containerPortal = 2EC1B1DD2930E3100026780B /* Project object */;
			proxyType = 1;
			remoteGlobalIDString = 2EC1B1E42930E3100026780B;
			remoteInfo = FocusTimer;
		};
		2EC1B2062930E3110026780B /* PBXContainerItemProxy */ = {
			isa = PBXContainerItemProxy;
			containerPortal = 2EC1B1DD2930E3100026780B /* Project object */;
			proxyType = 1;
			remoteGlobalIDString = 2EC1B1E42930E3100026780B;
			remoteInfo = FocusTimer;
		};
/* End PBXContainerItemProxy section */

/* Begin PBXFileReference section */
		2EC1B1E52930E3100026780B /* FocusTimer.app */ = {isa = PBXFileReference; explicitFileType = wrapper.application; includeInIndex = 0; path = FocusTimer.app; sourceTree = BUILT_PRODUCTS_DIR; };
		2EC1B1E82930E3100026780B /* FocusTimerApp.swift */ = {isa = PBXFileReference; lastKnownFileType = sourcecode.swift; path = FocusTimerApp.swift; sourceTree = "<group>"; };
		2EC1B1EA2930E3100026780B /* Persistence.swift */ = {isa = PBXFileReference; lastKnownFileType = sourcecode.swift; path = Persistence.swift; sourceTree = "<group>"; };
		2EC1B1ED2930E3100026780B /* FocusTimer.xcdatamodel */ = {isa = PBXFileReference; lastKnownFileType = wrapper.xcdatamodel; path = FocusTimer.xcdatamodel; sourceTree = "<group>"; };
		2EC1B1EF2930E3100026780B /* ContentView.swift */ = {isa = PBXFileReference; lastKnownFileType = sourcecode.swift; path = ContentView.swift; sourceTree = "<group>"; };
		2EC1B1F12930E3100026780B /* Assets.xcassets */ = {isa = PBXFileReference; lastKnownFileType = folder.assetcatalog; path = Assets.xcassets; sourceTree = "<group>"; };
		2EC1B1F32930E3100026780B /* FocusTimer.entitlements */ = {isa = PBXFileReference; lastKnownFileType = text.plist.entitlements; path = FocusTimer.entitlements; sourceTree = "<group>"; };
		2EC1B1F52930E3100026780B /* Preview Assets.xcassets */ = {isa = PBXFileReference; lastKnownFileType = folder.assetcatalog; path = "Preview Assets.xcassets"; sourceTree = "<group>"; };
		2EC1B1FB2930E3110026780B /* FocusTimerTests.xctest */ = {isa = PBXFileReference; explicitFileType = wrapper.cfbundle; includeInIndex = 0; path = FocusTimerTests.xctest; sourceTree = BUILT_PRODUCTS_DIR; };
		2EC1B1FF2930E3110026780B /* FocusTimerTests.swift */ = {isa = PBXFileReference; lastKnownFileType = sourcecode.swift; path = FocusTimerTests.swift; sourceTree = "<group>"; };
		2EC1B2052930E3110026780B /* FocusTimerUITests.xctest */ = {isa = PBXFileReference; explicitFileType = wrapper.cfbundle; includeInIndex = 0; path = FocusTimerUITests.xctest; sourceTree = BUILT_PRODUCTS_DIR; };
		2EC1B2092930E3110026780B /* FocusTimerUITests.swift */ = {isa = PBXFileReference; lastKnownFileType = sourcecode.swift; path = FocusTimerUITests.swift; sourceTree = "<group>"; };
		2EC1B20B2930E3110026780B /* FocusTimerUITestsLaunchTests.swift */ = {isa = PBXFileReference; lastKnownFileType = sourcecode.swift; path = FocusTimerUITestsLaunchTests.swift; sourceTree = "<group>"; };
/* End PBXFileReference section */

/* Begin PBXFrameworksBuildPhase section */
		2EC1B1E22930E3100026780B /* Frameworks */ = {
			isa = PBXFrameworksBuildPhase;
			buildActionMask = 2147483647;
			files = (
			);
			runOnlyForDeploymentPostprocessing = 0;
		};
		2EC1B1F82930E3110026780B /* Frameworks */ = {
			isa = PBXFrameworksBuildPhase;
			buildActionMask = 2147483647;
			files = (
			);
			runOnlyForDeploymentPostprocessing = 0;
		};
		2EC1B2022930E3110026780B /* Frameworks */ = {
			isa = PBXFrameworksBuildPhase;
			buildActionMask = 2147483647;
			files = (
			);
			runOnlyForDeploymentPostprocessing = 0;
		};
/* End PBXFrameworksBuildPhase section */

/* Begin PBXGroup section */
		2EC1B1DC2930E3100026780B = {
			isa = PBXGroup;
			children = (
				2EC1B1E72930E3100026780B /* FocusTimer */,
				2EC1B1FE2930E3110026780B /* FocusTimerTests */,
				2EC1B2082930E3110026780B /* FocusTimerUITests */,
				2EC1B1E62930E3100026780B /* Products */,
			);
			sourceTree = "<group>";
		};
		2EC1B1E62930E3100026780B /* Products */ = {
			isa = PBXGroup;
			children = (
				2EC1B1E52930E3100026780B /* FocusTimer.app */,
				2EC1B1FB2930E3110026780B /* FocusTimerTests.xctest */,
				2EC1B2052930E3110026780B /* FocusTimerUITests.xctest */,
			);
			name = Products;
			sourceTree = "<group>";
		};
		2EC1B1E72930E3100026780B /* FocusTimer */ = {
			isa = PBXGroup;
			children = (
				2EC1B1E82930E3100026780B /* FocusTimerApp.swift */,
				2EC1B1EA2930E3100026780B /* Persistence.swift */,
				2EC1B1EF2930E3100026780B /* ContentView.swift */,
				2EC1B1F12930E3100026780B /* Assets.xcassets */,
				2EC1B1F32930E3100026780B /* FocusTimer.entitlements */,
				2EC1B1EC2930E3100026780B /* FocusTimer.xcdatamodeld */,
				2EC1B1F42930E3100026780B /* Preview Content */,
			);
			path = FocusTimer;
			sourceTree = "<group>";
		};
		2EC1B1F42930E3100026780B /* Preview Content */ = {
			isa = PBXGroup;
			children = (
				2EC1B1F52930E3100026780B /* Preview Assets.xcassets */,
			);
			path = "Preview Content";
			sourceTree = "<group>";
		};
		2EC1B1FE2930E3110026780B /* FocusTimerTests */ = {
			isa = PBXGroup;
			children = (
				2EC1B1FF2930E3110026780B /* FocusTimerTests.swift */,
			);
			path = FocusTimerTests;
			sourceTree = "<group>";
		};
		2EC1B2082930E3110026780B /* FocusTimerUITests */ = {
			isa = PBXGroup;
			children = (
				2EC1B2092930E3110026780B /* FocusTimerUITests.swift */,
				2EC1B20B2930E3110026780B /* FocusTimerUITestsLaunchTests.swift */,
			);
			path = FocusTimerUITests;
			sourceTree = "<group>";
		};
/* End PBXGroup section */

/* Begin PBXNativeTarget section */
		2EC1B1E42930E3100026780B /* FocusTimer */ = {
			isa = PBXNativeTarget;
			buildConfigurationList = 2EC1B20F2930E3110026780B /* Build configuration list for PBXNativeTarget "FocusTimer" */;
			buildPhases = (
				2EC1B1E12930E3100026780B /* Sources */,
				2EC1B1E22930E3100026780B /* Frameworks */,
				2EC1B1E32930E3100026780B /* Resources */,
			);
			buildRules = (
			);
			dependencies = (
			);
			name = FocusTimer;
			productName = FocusTimer;
			productReference = 2EC1B1E52930E3100026780B /* FocusTimer.app */;
			productType = "com.apple.product-type.application";
		};
		2EC1B1FA2930E3110026780B /* FocusTimerTests */ = {
			isa = PBXNativeTarget;
			buildConfigurationList = 2EC1B2122930E3110026780B /* Build configuration list for PBXNativeTarget "FocusTimerTests" */;
			buildPhases = (
				2EC1B1F72930E3110026780B /* Sources */,
				2EC1B1F82930E3110026780B /* Frameworks */,
				2EC1B1F92930E3110026780B /* Resources */,
			);
			buildRules = (
			);
			dependencies = (
				2EC1B1FD2930E3110026780B /* PBXTargetDependency */,
			);
			name = FocusTimerTests;
			productName = FocusTimerTests;
			productReference = 2EC1B1FB2930E3110026780B /* FocusTimerTests.xctest */;
			productType = "com.apple.product-type.bundle.unit-test";
		};
		2EC1B2042930E3110026780B /* FocusTimerUITests */ = {
			isa = PBXNativeTarget;
			buildConfigurationList = 2EC1B2152930E3110026780B /* Build configuration list for PBXNativeTarget "FocusTimerUITests" */;
			buildPhases = (
				2EC1B2012930E3110026780B /* Sources */,
				2EC1B2022930E3110026780B /* Frameworks */,
				2EC1B2032930E3110026780B /* Resources */,
			);
			buildRules = (
			);
			dependencies = (
				2EC1B2072930E3110026780B /* PBXTargetDependency */,
			);
			name = FocusTimerUITests;
			productName = FocusTimerUITests;
			productReference = 2EC1B2052930E3110026780B /* FocusTimerUITests.xctest */;
			productType = "com.apple.product-type.bundle.ui-testing";
		};
/* End PBXNativeTarget section */

/* Begin PBXProject section */
		2EC1B1DD2930E3100026780B /* Project object */ = {
			isa = PBXProject;
			attributes = {
				BuildIndependentTargetsInParallel = 1;
				LastSwiftUpdateCheck = 1410;
				LastUpgradeCheck = 1410;
				TargetAttributes = {
					2EC1B1E42930E3100026780B = {
						CreatedOnToolsVersion = 14.1;
					};
					2EC1B1FA2930E3110026780B = {
						CreatedOnToolsVersion = 14.1;
						TestTargetID = 2EC1B1E42930E3100026780B;
					};
					2EC1B2042930E3110026780B = {
						CreatedOnToolsVersion = 14.1;
						TestTargetID = 2EC1B1E42930E3100026780B;
					};
				};
			};
			buildConfigurationList = 2EC1B1E02930E3100026780B /* Build configuration list for PBXProject "FocusTimer" */;
			compatibilityVersion = "Xcode 14.0";
			developmentRegion = en;
			hasScannedForEncodings = 0;
			knownRegions = (
				en,
				Base,
			);
			mainGroup = 2EC1B1DC2930E3100026780B;
			productRefGroup = 2EC1B1E62930E3100026780B /* Products */;
			projectDirPath = "";
			projectRoot = "";
			targets = (
				2EC1B1E42930E3100026780B /* FocusTimer */,
				2EC1B1FA2930E3110026780B /* FocusTimerTests */,
				2EC1B2042930E3110026780B /* FocusTimerUITests */,
			);
		};
/* End PBXProject section */

/* Begin PBXResourcesBuildPhase section */
		2EC1B1E32930E3100026780B /* Resources */ = {
			isa = PBXResourcesBuildPhase;
			buildActionMask = 2147483647;
			files = (
				2EC1B1F62930E3100026780B /* Preview Assets.xcassets in Resources */,
				2EC1B1F22930E3100026780B /* Assets.xcassets in Resources */,
			);
			runOnlyForDeploymentPostprocessing = 0;
		};
		2EC1B1F92930E3110026780B /* Resources */ = {
			isa = PBXResourcesBuildPhase;
			buildActionMask = 2147483647;
			files = (
			);
			runOnlyForDeploymentPostprocessing = 0;
		};
		2EC1B2032930E3110026780B /* Resources */ = {
			isa = PBXResourcesBuildPhase;
			buildActionMask = 2147483647;
			files = (
			);
			runOnlyForDeploymentPostprocessing = 0;
		};
/* End PBXResourcesBuildPhase section */

/* Begin PBXSourcesBuildPhase section */
		2EC1B1E12930E3100026780B /* Sources */ = {
			isa = PBXSourcesBuildPhase;
			buildActionMask = 2147483647;
			files = (
				2EC1B1EE2930E3100026780B /* FocusTimer.xcdatamodeld in Sources */,
				2EC1B1E92930E3100026780B /* FocusTimerApp.swift in Sources */,
				2EC1B1F02930E3100026780B /* ContentView.swift in Sources */,
				2EC1B1EB2930E3100026780B /* Persistence.swift in Sources */,
			);
			runOnlyForDeploymentPostprocessing = 0;
		};
		2EC1B1F72930E3110026780B /* Sources */ = {
			isa = PBXSourcesBuildPhase;
			buildActionMask = 2147483647;
			files = (
				2EC1B2002930E3110026780B /* FocusTimerTests.swift in Sources */,
			);
			runOnlyForDeploymentPostprocessing = 0;
		};
		2EC1B2012930E3110026780B /* Sources */ = {
			isa = PBXSourcesBuildPhase;
			buildActionMask = 2147483647;
			files = (
				2EC1B20A2930E3110026780B /* FocusTimerUITests.swift in Sources */,
				2EC1B20C2930E3110026780B /* FocusTimerUITestsLaunchTests.swift in Sources */,
			);
			runOnlyForDeploymentPostprocessing = 0;
		};
/* End PBXSourcesBuildPhase section */

/* Begin PBXTargetDependency section */
		2EC1B1FD2930E3110026780B /* PBXTargetDependency */ = {
			isa = PBXTargetDependency;
			target = 2EC1B1E42930E3100026780B /* FocusTimer */;
			targetProxy = 2EC1B1FC2930E3110026780B /* PBXContainerItemProxy */;
		};
		2EC1B2072930E3110026780B /* PBXTargetDependency */ = {
			isa = PBXTargetDependency;
			target = 2EC1B1E42930E3100026780B /* FocusTimer */;
			targetProxy = 2EC1B2062930E3110026780B /* PBXContainerItemProxy */;
		};
/* End PBXTargetDependency section */

/* Begin XCBuildConfiguration section */
		2EC1B20D2930E3110026780B /* Debug */ = {
			isa = XCBuildConfiguration;
			buildSettings = {
				ALWAYS_SEARCH_USER_PATHS = NO;
				CLANG_ANALYZER_NONNULL = YES;
				CLANG_ANALYZER_NUMBER_OBJECT_CONVERSION = YES_AGGRESSIVE;
				CLANG_CXX_LANGUAGE_STANDARD = "gnu++20";
				CLANG_ENABLE_MODULES = YES;
				CLANG_ENABLE_OBJC_ARC = YES;
				CLANG_ENABLE_OBJC_WEAK = YES;
				CLANG_WARN_BLOCK_CAPTURE_AUTORELEASING = YES;
				CLANG_WARN_BOOL_CONVERSION = YES;
				CLANG_WARN_COMMA = YES;
				CLANG_WARN_CONSTANT_CONVERSION = YES;
				CLANG_WARN_DEPRECATED_OBJC_IMPLEMENTATIONS = YES;
				CLANG_WARN_DIRECT_OBJC_ISA_USAGE = YES_ERROR;
				CLANG_WARN_DOCUMENTATION_COMMENTS = YES;
				CLANG_WARN_EMPTY_BODY = YES;
				CLANG_WARN_ENUM_CONVERSION = YES;
				CLANG_WARN_INFINITE_RECURSION = YES;
				CLANG_WARN_INT_CONVERSION = YES;
				CLANG_WARN_NON_LITERAL_NULL_CONVERSION = YES;
				CLANG_WARN_OBJC_IMPLICIT_RETAIN_SELF = YES;
				CLANG_WARN_OBJC_LITERAL_CONVERSION = YES;
				CLANG_WARN_OBJC_ROOT_CLASS = YES_ERROR;
				CLANG_WARN_QUOTED_INCLUDE_IN_FRAMEWORK_HEADER = YES;
				CLANG_WARN_RANGE_LOOP_ANALYSIS = YES;
				CLANG_WARN_STRICT_PROTOTYPES = YES;
				CLANG_WARN_SUSPICIOUS_MOVE = YES;
				CLANG_WARN_UNGUARDED_AVAILABILITY = YES_AGGRESSIVE;
				CLANG_WARN_UNREACHABLE_CODE = YES;
				CLANG_WARN__DUPLICATE_METHOD_MATCH = YES;
				COPY_PHASE_STRIP = NO;
				DEBUG_INFORMATION_FORMAT = dwarf;
				ENABLE_STRICT_OBJC_MSGSEND = YES;
				ENABLE_TESTABILITY = YES;
				GCC_C_LANGUAGE_STANDARD = gnu11;
				GCC_DYNAMIC_NO_PIC = NO;
				GCC_NO_COMMON_BLOCKS = YES;
				GCC_OPTIMIZATION_LEVEL = 0;
				GCC_PREPROCESSOR_DEFINITIONS = (
					"DEBUG=1",
					"$(inherited)",
				);
				GCC_WARN_64_TO_32_BIT_CONVERSION = YES;
				GCC_WARN_ABOUT_RETURN_TYPE = YES_ERROR;
				GCC_WARN_UNDECLARED_SELECTOR = YES;
				GCC_WARN_UNINITIALIZED_AUTOS = YES_AGGRESSIVE;
				GCC_WARN_UNUSED_FUNCTION = YES;
				GCC_WARN_UNUSED_VARIABLE = YES;
				MTL_ENABLE_DEBUG_INFO = INCLUDE_SOURCE;
				MTL_FAST_MATH = YES;
				ONLY_ACTIVE_ARCH = YES;
				SWIFT_ACTIVE_COMPILATION_CONDITIONS = DEBUG;
				SWIFT_OPTIMIZATION_LEVEL = "-Onone";
			};
			name = Debug;
		};
		2EC1B20E2930E3110026780B /* Release */ = {
			isa = XCBuildConfiguration;
			buildSettings = {
				ALWAYS_SEARCH_USER_PATHS = NO;
				CLANG_ANALYZER_NONNULL = YES;
				CLANG_ANALYZER_NUMBER_OBJECT_CONVERSION = YES_AGGRESSIVE;
				CLANG_CXX_LANGUAGE_STANDARD = "gnu++20";
				CLANG_ENABLE_MODULES = YES;
				CLANG_ENABLE_OBJC_ARC = YES;
				CLANG_ENABLE_OBJC_WEAK = YES;
				CLANG_WARN_BLOCK_CAPTURE_AUTORELEASING = YES;
				CLANG_WARN_BOOL_CONVERSION = YES;
				CLANG_WARN_COMMA = YES;
				CLANG_WARN_CONSTANT_CONVERSION = YES;
				CLANG_WARN_DEPRECATED_OBJC_IMPLEMENTATIONS = YES;
				CLANG_WARN_DIRECT_OBJC_ISA_USAGE = YES_ERROR;
				CLANG_WARN_DOCUMENTATION_COMMENTS = YES;
				CLANG_WARN_EMPTY_BODY = YES;
				CLANG_WARN_ENUM_CONVERSION = YES;
				CLANG_WARN_INFINITE_RECURSION = YES;
				CLANG_WARN_INT_CONVERSION = YES;
				CLANG_WARN_NON_LITERAL_NULL_CONVERSION = YES;
				CLANG_WARN_OBJC_IMPLICIT_RETAIN_SELF = YES;
				CLANG_WARN_OBJC_LITERAL_CONVERSION = YES;
				CLANG_WARN_OBJC_ROOT_CLASS = YES_ERROR;
				CLANG_WARN_QUOTED_INCLUDE_IN_FRAMEWORK_HEADER = YES;
				CLANG_WARN_RANGE_LOOP_ANALYSIS = YES;
				CLANG_WARN_STRICT_PROTOTYPES = YES;
				CLANG_WARN_SUSPICIOUS_MOVE = YES;
				CLANG_WARN_UNGUARDED_AVAILABILITY = YES_AGGRESSIVE;
				CLANG_WARN_UNREACHABLE_CODE = YES;
				CLANG_WARN__DUPLICATE_METHOD_MATCH = YES;
				COPY_PHASE_STRIP = NO;
				DEBUG_INFORMATION_FORMAT = "dwarf-with-dsym";
				ENABLE_NS_ASSERTIONS = NO;
				ENABLE_STRICT_OBJC_MSGSEND = YES;
				GCC_C_LANGUAGE_STANDARD = gnu11;
				GCC_NO_COMMON_BLOCKS = YES;
				GCC_WARN_64_TO_32_BIT_CONVERSION = YES;
				GCC_WARN_ABOUT_RETURN_TYPE = YES_ERROR;
				GCC_WARN_UNDECLARED_SELECTOR = YES;
				GCC_WARN_UNINITIALIZED_AUTOS = YES_AGGRESSIVE;
				GCC_WARN_UNUSED_FUNCTION = YES;
				GCC_WARN_UNUSED_VARIABLE = YES;
				MTL_ENABLE_DEBUG_INFO = NO;
				MTL_FAST_MATH = YES;
				SWIFT_COMPILATION_MODE = wholemodule;
				SWIFT_OPTIMIZATION_LEVEL = "-O";
			};
			name = Release;
		};
		2EC1B2102930E3110026780B /* Debug */ = {
			isa = XCBuildConfiguration;
			buildSettings = {
				ASSETCATALOG_COMPILER_APPICON_NAME = AppIcon;
				ASSETCATALOG_COMPILER_GLOBAL_ACCENT_COLOR_NAME = AccentColor;
				CODE_SIGN_ENTITLEMENTS = FocusTimer/FocusTimer.entitlements;
				CODE_SIGN_STYLE = Automatic;
				CURRENT_PROJECT_VERSION = 1;
				DEVELOPMENT_ASSET_PATHS = "\"FocusTimer/Preview Content\"";
				DEVELOPMENT_TEAM = 5D4XSRW8W7;
				ENABLE_HARDENED_RUNTIME = YES;
				ENABLE_PREVIEWS = YES;
				GENERATE_INFOPLIST_FILE = YES;
				"INFOPLIST_KEY_UIApplicationSceneManifest_Generation[sdk=iphoneos*]" = YES;
				"INFOPLIST_KEY_UIApplicationSceneManifest_Generation[sdk=iphonesimulator*]" = YES;
				"INFOPLIST_KEY_UIApplicationSupportsIndirectInputEvents[sdk=iphoneos*]" = YES;
				"INFOPLIST_KEY_UIApplicationSupportsIndirectInputEvents[sdk=iphonesimulator*]" = YES;
				"INFOPLIST_KEY_UILaunchScreen_Generation[sdk=iphoneos*]" = YES;
				"INFOPLIST_KEY_UILaunchScreen_Generation[sdk=iphonesimulator*]" = YES;
				"INFOPLIST_KEY_UIStatusBarStyle[sdk=iphoneos*]" = UIStatusBarStyleDefault;
				"INFOPLIST_KEY_UIStatusBarStyle[sdk=iphonesimulator*]" = UIStatusBarStyleDefault;
				INFOPLIST_KEY_UISupportedInterfaceOrientations_iPad = "UIInterfaceOrientationPortrait UIInterfaceOrientationPortraitUpsideDown UIInterfaceOrientationLandscapeLeft UIInterfaceOrientationLandscapeRight";
				INFOPLIST_KEY_UISupportedInterfaceOrientations_iPhone = "UIInterfaceOrientationPortrait UIInterfaceOrientationLandscapeLeft UIInterfaceOrientationLandscapeRight";
				IPHONEOS_DEPLOYMENT_TARGET = 16.1;
				LD_RUNPATH_SEARCH_PATHS = "@executable_path/Frameworks";
				"LD_RUNPATH_SEARCH_PATHS[sdk=macosx*]" = "@executable_path/../Frameworks";
				MACOSX_DEPLOYMENT_TARGET = 13.0;
				MARKETING_VERSION = 1.0;
				PRODUCT_BUNDLE_IDENTIFIER = com.tnasuh.FocusTimer;
				PRODUCT_NAME = "$(TARGET_NAME)";
				SDKROOT = auto;
				SUPPORTED_PLATFORMS = "iphoneos iphonesimulator macosx";
				SWIFT_EMIT_LOC_STRINGS = YES;
				SWIFT_VERSION = 5.0;
				TARGETED_DEVICE_FAMILY = "1,2";
			};
			name = Debug;
		};
		2EC1B2112930E3110026780B /* Release */ = {
			isa = XCBuildConfiguration;
			buildSettings = {
				ASSETCATALOG_COMPILER_APPICON_NAME = AppIcon;
				ASSETCATALOG_COMPILER_GLOBAL_ACCENT_COLOR_NAME = AccentColor;
				CODE_SIGN_ENTITLEMENTS = FocusTimer/FocusTimer.entitlements;
				CODE_SIGN_STYLE = Automatic;
				CURRENT_PROJECT_VERSION = 1;
				DEVELOPMENT_ASSET_PATHS = "\"FocusTimer/Preview Content\"";
				DEVELOPMENT_TEAM = 5D4XSRW8W7;
				ENABLE_HARDENED_RUNTIME = YES;
				ENABLE_PREVIEWS = YES;
				GENERATE_INFOPLIST_FILE = YES;
				"INFOPLIST_KEY_UIApplicationSceneManifest_Generation[sdk=iphoneos*]" = YES;
				"INFOPLIST_KEY_UIApplicationSceneManifest_Generation[sdk=iphonesimulator*]" = YES;
				"INFOPLIST_KEY_UIApplicationSupportsIndirectInputEvents[sdk=iphoneos*]" = YES;
				"INFOPLIST_KEY_UIApplicationSupportsIndirectInputEvents[sdk=iphonesimulator*]" = YES;
				"INFOPLIST_KEY_UILaunchScreen_Generation[sdk=iphoneos*]" = YES;
				"INFOPLIST_KEY_UILaunchScreen_Generation[sdk=iphonesimulator*]" = YES;
				"INFOPLIST_KEY_UIStatusBarStyle[sdk=iphoneos*]" = UIStatusBarStyleDefault;
				"INFOPLIST_KEY_UIStatusBarStyle[sdk=iphonesimulator*]" = UIStatusBarStyleDefault;
				INFOPLIST_KEY_UISupportedInterfaceOrientations_iPad = "UIInterfaceOrientationPortrait UIInterfaceOrientationPortraitUpsideDown UIInterfaceOrientationLandscapeLeft UIInterfaceOrientationLandscapeRight";
				INFOPLIST_KEY_UISupportedInterfaceOrientations_iPhone = "UIInterfaceOrientationPortrait UIInterfaceOrientationLandscapeLeft UIInterfaceOrientationLandscapeRight";
				IPHONEOS_DEPLOYMENT_TARGET = 16.1;
				LD_RUNPATH_SEARCH_PATHS = "@executable_path/Frameworks";
				"LD_RUNPATH_SEARCH_PATHS[sdk=macosx*]" = "@executable_path/../Frameworks";
				MACOSX_DEPLOYMENT_TARGET = 13.0;
				MARKETING_VERSION = 1.0;
				PRODUCT_BUNDLE_IDENTIFIER = com.tnasuh.FocusTimer;
				PRODUCT_NAME = "$(TARGET_NAME)";
				SDKROOT = auto;
				SUPPORTED_PLATFORMS = "iphoneos iphonesimulator macosx";
				SWIFT_EMIT_LOC_STRINGS = YES;
				SWIFT_VERSION = 5.0;
				TARGETED_DEVICE_FAMILY = "1,2";
			};
			name = Release;
		};
		2EC1B2132930E3110026780B /* Debug */ = {
			isa = XCBuildConfiguration;
			buildSettings = {
				ALWAYS_EMBED_SWIFT_STANDARD_LIBRARIES = YES;
				BUNDLE_LOADER = "$(TEST_HOST)";
				CODE_SIGN_STYLE = Automatic;
				CURRENT_PROJECT_VERSION = 1;
				DEVELOPMENT_TEAM = 5D4XSRW8W7;
				GENERATE_INFOPLIST_FILE = YES;
				IPHONEOS_DEPLOYMENT_TARGET = 16.1;
				MACOSX_DEPLOYMENT_TARGET = 13.0;
				MARKETING_VERSION = 1.0;
				PRODUCT_BUNDLE_IDENTIFIER = com.tnasuh.FocusTimerTests;
				PRODUCT_NAME = "$(TARGET_NAME)";
				SDKROOT = auto;
				SUPPORTED_PLATFORMS = "iphoneos iphonesimulator macosx";
				SWIFT_EMIT_LOC_STRINGS = NO;
				SWIFT_VERSION = 5.0;
				TARGETED_DEVICE_FAMILY = "1,2";
				TEST_HOST = "$(BUILT_PRODUCTS_DIR)/FocusTimer.app/$(BUNDLE_EXECUTABLE_FOLDER_PATH)/FocusTimer";
			};
			name = Debug;
		};
		2EC1B2142930E3110026780B /* Release */ = {
			isa = XCBuildConfiguration;
			buildSettings = {
				ALWAYS_EMBED_SWIFT_STANDARD_LIBRARIES = YES;
				BUNDLE_LOADER = "$(TEST_HOST)";
				CODE_SIGN_STYLE = Automatic;
				CURRENT_PROJECT_VERSION = 1;
				DEVELOPMENT_TEAM = 5D4XSRW8W7;
				GENERATE_INFOPLIST_FILE = YES;
				IPHONEOS_DEPLOYMENT_TARGET = 16.1;
				MACOSX_DEPLOYMENT_TARGET = 13.0;
				MARKETING_VERSION = 1.0;
				PRODUCT_BUNDLE_IDENTIFIER = com.tnasuh.FocusTimerTests;
				PRODUCT_NAME = "$(TARGET_NAME)";
				SDKROOT = auto;
				SUPPORTED_PLATFORMS = "iphoneos iphonesimulator macosx";
				SWIFT_EMIT_LOC_STRINGS = NO;
				SWIFT_VERSION = 5.0;
				TARGETED_DEVICE_FAMILY = "1,2";
				TEST_HOST = "$(BUILT_PRODUCTS_DIR)/FocusTimer.app/$(BUNDLE_EXECUTABLE_FOLDER_PATH)/FocusTimer";
			};
			name = Release;
		};
		2EC1B2162930E3110026780B /* Debug */ = {
			isa = XCBuildConfiguration;
			buildSettings = {
				ALWAYS_EMBED_SWIFT_STANDARD_LIBRARIES = YES;
				CODE_SIGN_STYLE = Automatic;
				CURRENT_PROJECT_VERSION = 1;
				DEVELOPMENT_TEAM = 5D4XSRW8W7;
				GENERATE_INFOPLIST_FILE = YES;
				IPHONEOS_DEPLOYMENT_TARGET = 16.1;
				MACOSX_DEPLOYMENT_TARGET = 13.0;
				MARKETING_VERSION = 1.0;
				PRODUCT_BUNDLE_IDENTIFIER = com.tnasuh.FocusTimerUITests;
				PRODUCT_NAME = "$(TARGET_NAME)";
				SDKROOT = auto;
				SUPPORTED_PLATFORMS = "iphoneos iphonesimulator macosx";
				SWIFT_EMIT_LOC_STRINGS = NO;
				SWIFT_VERSION = 5.0;
				TARGETED_DEVICE_FAMILY = "1,2";
				TEST_TARGET_NAME = FocusTimer;
			};
			name = Debug;
		};
		2EC1B2172930E3110026780B /* Release */ = {
			isa = XCBuildConfiguration;
			buildSettings = {
				ALWAYS_EMBED_SWIFT_STANDARD_LIBRARIES = YES;
				CODE_SIGN_STYLE = Automatic;
				CURRENT_PROJECT_VERSION = 1;
				DEVELOPMENT_TEAM = 5D4XSRW8W7;
				GENERATE_INFOPLIST_FILE = YES;
				IPHONEOS_DEPLOYMENT_TARGET = 16.1;
				MACOSX_DEPLOYMENT_TARGET = 13.0;
				MARKETING_VERSION = 1.0;
				PRODUCT_BUNDLE_IDENTIFIER = com.tnasuh.FocusTimerUITests;
				PRODUCT_NAME = "$(TARGET_NAME)";
				SDKROOT = auto;
				SUPPORTED_PLATFORMS = "iphoneos iphonesimulator macosx";
				SWIFT_EMIT_LOC_STRINGS = NO;
				SWIFT_VERSION = 5.0;
				TARGETED_DEVICE_FAMILY = "1,2";
				TEST_TARGET_NAME = FocusTimer;
			};
			name = Release;
		};
/* End XCBuildConfiguration section */

/* Begin XCConfigurationList section */
		2EC1B1E02930E3100026780B /* Build configuration list for PBXProject "FocusTimer" */ = {
			isa = XCConfigurationList;
			buildConfigurations = (
				2EC1B20D2930E3110026780B /* Debug */,
				2EC1B20E2930E3110026780B /* Release */,
			);
			defaultConfigurationIsVisible = 0;
			defaultConfigurationName = Release;
		};
		2EC1B20F2930E3110026780B /* Build configuration list for PBXNativeTarget "FocusTimer" */ = {
			isa = XCConfigurationList;
			buildConfigurations = (
				2EC1B2102930E3110026780B /* Debug */,
				2EC1B2112930E3110026780B /* Release */,
			);
			defaultConfigurationIsVisible = 0;
			defaultConfigurationName = Release;
		};
		2EC1B2122930E3110026780B /* Build configuration list for PBXNativeTarget "FocusTimerTests" */ = {
			isa = XCConfigurationList;
			buildConfigurations = (
				2EC1B2132930E3110026780B /* Debug */,
				2EC1B2142930E3110026780B /* Release */,
			);
			defaultConfigurationIsVisible = 0;
			defaultConfigurationName = Release;
		};
		2EC1B2152930E3110026780B /* Build configuration list for PBXNativeTarget "FocusTimerUITests" */ = {
			isa = XCConfigurationList;
			buildConfigurations = (
				2EC1B2162930E3110026780B /* Debug */,
				2EC1B2172930E3110026780B /* Release */,
			);
			defaultConfigurationIsVisible = 0;
			defaultConfigurationName = Release;
		};
/* End XCConfigurationList section */

/* Begin XCVersionGroup section */
		2EC1B1EC2930E3100026780B /* FocusTimer.xcdatamodeld */ = {
			isa = XCVersionGroup;
			children = (
				2EC1B1ED2930E3100026780B /* FocusTimer.xcdatamodel */,
			);
			currentVersion = 2EC1B1ED2930E3100026780B /* FocusTimer.xcdatamodel */;
			path = FocusTimer.xcdatamodeld;
			sourceTree = "<group>";
			versionGroupType = wrapper.xcdatamodel;
		};
/* End XCVersionGroup section */
	};
	rootObject = 2EC1B1DD2930E3100026780B /* Project object */;
}
